github.com/davecgh/go-spew v1.1.0/go.mod h1:J7Y8YcW2NihsgmVo/mv3lAwl/skON4iLHjSsI+c5H38=
github.com/elliotcourant/buffers v1.0.0 h1:+WuUfu55/4zPVjNppACScHtVfH8Dx7la6kyWI/bLhP8=
github.com/elliotcourant/buffers v1.0.0/go.mod h1:9+oLElsEQnueTyoq0dyr6RiJwELNE+YtLXh4BNAsnKg=
github.com/pmezard/go-difflib v1.0.0/go.mod h1:iKH77koFhYxTK1pcRnkKkqfTogsbg7gZNVY4sRDYZ/4=
github.com/stretchr/objx v0.1.0/go.mod h1:HFkY916IF+rwdDfMAkV7OtwuqBVzrE8GR6GFx+wExME=
github.com/stretchr/testify v1.3.0/go.mod h1:M5WIy9Dh21IEIfnGCwXGc5bZfKNJtfHm1UVUgZn+9EI=
